
Microsoft Visual Studio Solution File, Format Version 12.00
# Visual Studio 15
VisualStudioVersion = 15.0.27130.2003
MinimumVisualStudioVersion = 10.0.40219.1
Project("{9A19103F-16F7-4668-BE54-9A1E7A4F7556}") = "FuncV1", "FuncV1\FuncV1.csproj", "{CC936E75-5C5A-4B81-BAA6-2E15952856E8}"
EndProject
Project("{9A19103F-16F7-4668-BE54-9A1E7A4F7556}") = "KeyVaultEncryptionLibrary", "KeyVaultEncryptionLibrary\KeyVaultEncryptionLibrary.csproj", "{18C25818-9E46-48E3-8F11-5BD5EB58DD29}"
EndProject
Project("{9A19103F-16F7-4668-BE54-9A1E7A4F7556}") = "CosmosLibrary", "CosmosLIbrary\CosmosLibrary.csproj", "{F960FB7E-A69A-4057-9C26-A2AB5977F76C}"
EndProject
Global
	GlobalSection(SolutionConfigurationPlatforms) = preSolution
		Debug|Any CPU = Debug|Any CPU
		Release|Any CPU = Release|Any CPU
	EndGlobalSection
	GlobalSection(ProjectConfigurationPlatforms) = postSolution
		{CC936E75-5C5A-4B81-BAA6-2E15952856E8}.Debug|Any CPU.ActiveCfg = Debug|Any CPU
		{CC936E75-5C5A-4B81-BAA6-2E15952856E8}.Debug|Any CPU.Build.0 = Debug|Any CPU
		{CC936E75-5C5A-4B81-BAA6-2E15952856E8}.Release|Any CPU.ActiveCfg = Release|Any CPU
		{CC936E75-5C5A-4B81-BAA6-2E15952856E8}.Release|Any CPU.Build.0 = Release|Any CPU
		{18C25818-9E46-48E3-8F11-5BD5EB58DD29}.Debug|Any CPU.ActiveCfg = Debug|Any CPU
		{18C25818-9E46-48E3-8F11-5BD5EB58DD29}.Debug|Any CPU.Build.0 = Debug|Any CPU
		{18C25818-9E46-48E3-8F11-5BD5EB58DD29}.Release|Any CPU.ActiveCfg = Release|Any CPU
		{18C25818-9E46-48E3-8F11-5BD5EB58DD29}.Release|Any CPU.Build.0 = Release|Any CPU
		{F960FB7E-A69A-4057-9C26-A2AB5977F76C}.Debug|Any CPU.ActiveCfg = Debug|Any CPU
		{F960FB7E-A69A-4057-9C26-A2AB5977F76C}.Debug|Any CPU.Build.0 = Debug|Any CPU
		{F960FB7E-A69A-4057-9C26-A2AB5977F76C}.Release|Any CPU.ActiveCfg = Release|Any CPU
		{F960FB7E-A69A-4057-9C26-A2AB5977F76C}.Release|Any CPU.Build.0 = Release|Any CPU
	EndGlobalSection
	GlobalSection(SolutionProperties) = preSolution
		HideSolutionNode = FALSE
	EndGlobalSection
	GlobalSection(ExtensibilityGlobals) = postSolution
		SolutionGuid = {88A521D8-1C50-4BA0-9748-7C52725E8511}
	EndGlobalSection
EndGlobal
